
Microsoft Visual Studio Solution File, Format Version 12.00
# Visual Studio Version 17
VisualStudioVersion = 17.0.31912.275
MinimumVisualStudioVersion = 10.0.40219.1
Project("{FAE04EC0-301F-11D3-BF4B-00C04F79EFBC}") = "FINAL RPG", "FINAL RPG\FINAL RPG.csproj", "{5C12C92E-31AD-462C-86D6-0526A36ED051}"
EndProject
Global
	GlobalSection(SolutionConfigurationPlatforms) = preSolution
		Debug|Any CPU = Debug|Any CPU
		Release|Any CPU = Release|Any CPU
	EndGlobalSection
	GlobalSection(ProjectConfigurationPlatforms) = postSolution
		{5C12C92E-31AD-462C-86D6-0526A36ED051}.Debug|Any CPU.ActiveCfg = Debug|Any CPU
		{5C12C92E-31AD-462C-86D6-0526A36ED051}.Debug|Any CPU.Build.0 = Debug|Any CPU
		{5C12C92E-31AD-462C-86D6-0526A36ED051}.Release|Any CPU.ActiveCfg = Release|Any CPU
		{5C12C92E-31AD-462C-86D6-0526A36ED051}.Release|Any CPU.Build.0 = Release|Any CPU
	EndGlobalSection
	GlobalSection(SolutionProperties) = preSolution
		HideSolutionNode = FALSE
	EndGlobalSection
	GlobalSection(ExtensibilityGlobals) = postSolution
		SolutionGuid = {1319EDC1-C07C-4419-9605-4A2730A16DCD}
	EndGlobalSection
EndGlobal
